{
    "_meta": {
        "hash": {
            "sha256": "f5dbaac7688f203a35aff2ded310208f9dca8a86349e2fe5b6ec39e830c165a2"
        },
        "pipfile-spec": 6,
        "requires": {
            "python_version": "3.12"
        },
        "sources": [
            {
                "name": "pypi",
                "url": "https://pypi.org/simple",
                "verify_ssl": true
            }
        ]
    },
    "default": {
        "redis": {
            "hashes": [
                "sha256:7adc2835c7a9b5033b7ad8f8918d09b7344188228809c98df07af226d39dec91",
                "sha256:ec31f2ed9675cc54c21ba854cfe0462e6faf1d83c8ce5944709db8a4700b9c61"
            ],
            "index": "pypi",
            "markers": "python_version >= '3.7'",
            "version": "==5.0.4"
        }
    },
    "develop": {}
}
